
Microsoft Visual Studio Solution File, Format Version 12.00
# Visual Studio Version 16
VisualStudioVersion = 16.0.29324.140
MinimumVisualStudioVersion = 10.0.40219.1
Project("{FAE04EC0-301F-11D3-BF4B-00C04F79EFBC}") = "menu", "menu\menu.csproj", "{991B4469-5A0C-4C9E-96A7-15F5F0059689}"
EndProject
Global
	GlobalSection(SolutionConfigurationPlatforms) = preSolution
		Debug|Any CPU = Debug|Any CPU
		Release|Any CPU = Release|Any CPU
	EndGlobalSection
	GlobalSection(ProjectConfigurationPlatforms) = postSolution
		{991B4469-5A0C-4C9E-96A7-15F5F0059689}.Debug|Any CPU.ActiveCfg = Debug|Any CPU
		{991B4469-5A0C-4C9E-96A7-15F5F0059689}.Debug|Any CPU.Build.0 = Debug|Any CPU
		{991B4469-5A0C-4C9E-96A7-15F5F0059689}.Release|Any CPU.ActiveCfg = Release|Any CPU
		{991B4469-5A0C-4C9E-96A7-15F5F0059689}.Release|Any CPU.Build.0 = Release|Any CPU
	EndGlobalSection
	GlobalSection(SolutionProperties) = preSolution
		HideSolutionNode = FALSE
	EndGlobalSection
	GlobalSection(ExtensibilityGlobals) = postSolution
		SolutionGuid = {A3E1B751-8288-4E12-A0E7-9D786343047D}
	EndGlobalSection
EndGlobal
