
Microsoft Visual Studio Solution File, Format Version 12.00
# Visual Studio Version 16
VisualStudioVersion = 16.0.29324.140
MinimumVisualStudioVersion = 10.0.40219.1
Project("{FAE04EC0-301F-11D3-BF4B-00C04F79EFBC}") = "proyecto2", "proyecto2\proyecto2.csproj", "{BB9428B3-F302-44AE-AE35-9530A0266E50}"
EndProject
Global
	GlobalSection(SolutionConfigurationPlatforms) = preSolution
		Debug|Any CPU = Debug|Any CPU
		Release|Any CPU = Release|Any CPU
	EndGlobalSection
	GlobalSection(ProjectConfigurationPlatforms) = postSolution
		{BB9428B3-F302-44AE-AE35-9530A0266E50}.Debug|Any CPU.ActiveCfg = Debug|Any CPU
		{BB9428B3-F302-44AE-AE35-9530A0266E50}.Debug|Any CPU.Build.0 = Debug|Any CPU
		{BB9428B3-F302-44AE-AE35-9530A0266E50}.Release|Any CPU.ActiveCfg = Release|Any CPU
		{BB9428B3-F302-44AE-AE35-9530A0266E50}.Release|Any CPU.Build.0 = Release|Any CPU
	EndGlobalSection
	GlobalSection(SolutionProperties) = preSolution
		HideSolutionNode = FALSE
	EndGlobalSection
	GlobalSection(ExtensibilityGlobals) = postSolution
		SolutionGuid = {F3CFCB8B-2510-42C9-845A-202E9133D504}
	EndGlobalSection
EndGlobal
